
Microsoft Visual Studio Solution File, Format Version 12.00
# Visual Studio Version 17
VisualStudioVersion = 17.3.32811.315
MinimumVisualStudioVersion = 10.0.40219.1
Project("{FAE04EC0-301F-11D3-BF4B-00C04F79EFBC}") = "Agenda_de_ContatosMVC_CodeFirst", "Agenda_de_ContatosMVC_CodeFirst\Agenda_de_ContatosMVC_CodeFirst.csproj", "{26A6B4EE-F4A7-4862-83F8-4841CDA5B023}"
EndProject
Global
	GlobalSection(SolutionConfigurationPlatforms) = preSolution
		Debug|Any CPU = Debug|Any CPU
		Release|Any CPU = Release|Any CPU
	EndGlobalSection
	GlobalSection(ProjectConfigurationPlatforms) = postSolution
		{26A6B4EE-F4A7-4862-83F8-4841CDA5B023}.Debug|Any CPU.ActiveCfg = Debug|Any CPU
		{26A6B4EE-F4A7-4862-83F8-4841CDA5B023}.Debug|Any CPU.Build.0 = Debug|Any CPU
		{26A6B4EE-F4A7-4862-83F8-4841CDA5B023}.Release|Any CPU.ActiveCfg = Release|Any CPU
		{26A6B4EE-F4A7-4862-83F8-4841CDA5B023}.Release|Any CPU.Build.0 = Release|Any CPU
	EndGlobalSection
	GlobalSection(SolutionProperties) = preSolution
		HideSolutionNode = FALSE
	EndGlobalSection
	GlobalSection(ExtensibilityGlobals) = postSolution
		SolutionGuid = {E040A062-CC28-40C4-8D4E-9604E29784FB}
	EndGlobalSection
EndGlobal
